{
  "name": "DagashiApp",
  "lockfileVersion": 2,
  "requires": true,
  "packages": {
    "": {
      "devDependencies": {
        "@microsoft/sarif-multitool": "^3.1.0"
      }
    },
    "node_modules/@microsoft/sarif-multitool": {
      "version": "3.1.0",
      "resolved": "https://registry.npmjs.org/@microsoft/sarif-multitool/-/sarif-multitool-3.1.0.tgz",
      "integrity": "sha512-ItD+aoHicPOt07nNMFau8kDD537sEJuGiIxApQwK4XyPd47n2qlRxXcBkcQ/PKqy6jJloVLhJxjnYLjwbxfnow==",
      "dev": true,
      "os": [
        "darwin",
        "linux",
        "win32"
      ],
      "bin": {
        "sarif-multitool": "bin.js"
      },
      "optionalDependencies": {
        "@microsoft/sarif-multitool-darwin": "^3.1.0",
        "@microsoft/sarif-multitool-linux": "^3.1.0",
        "@microsoft/sarif-multitool-win32": "^3.1.0"
      }
    },
    "node_modules/@microsoft/sarif-multitool-darwin": {
      "version": "3.1.0",
      "resolved": "https://registry.npmjs.org/@microsoft/sarif-multitool-darwin/-/sarif-multitool-darwin-3.1.0.tgz",
      "integrity": "sha512-U/5sPiKNgoQ7G7EoVhYDs/QmA9KjyKFGrVd2NpaqCEfJHqYhc6tCF5QtiSwlRldCl3tawmqZOWWdwrEM7OCJSQ==",
      "dev": true,
      "hasInstallScript": true,
      "optional": true,
      "os": [
        "darwin"
      ],
      "bin": {
        "sarif-multitool-darwin": "bin.js"
      }
    },
    "node_modules/@microsoft/sarif-multitool-linux": {
      "version": "3.1.0",
      "resolved": "https://registry.npmjs.org/@microsoft/sarif-multitool-linux/-/sarif-multitool-linux-3.1.0.tgz",
      "integrity": "sha512-MLmxJR0Y9T6pq0Fcll4Wq5fjfRVUo3unrGNabdMZ2aUPE5BHwf+niwoY4lPPWj9OFsTq/7/4K6sfX44bapPgJw==",
      "dev": true,
      "hasInstallScript": true,
      "optional": true,
      "os": [
        "linux"
      ],
      "bin": {
        "sarif-multitool-linux": "bin.js"
      }
    },
    "node_modules/@microsoft/sarif-multitool-win32": {
      "version": "3.1.0",
      "resolved": "https://registry.npmjs.org/@microsoft/sarif-multitool-win32/-/sarif-multitool-win32-3.1.0.tgz",
      "integrity": "sha512-E956fQ4IDROWYaWEMCejiBRUorUn0N0kz5EtrKxMo06+F1kFOMlEe0RFtDpgmslYa17eoLyIzkaKx+9CMsGTmw==",
      "dev": true,
      "optional": true,
      "os": [
        "win32"
      ],
      "bin": {
        "sarif-multitool-win32": "bin.js"
      }
    }
  },
  "dependencies": {
    "@microsoft/sarif-multitool": {
      "version": "3.1.0",
      "resolved": "https://registry.npmjs.org/@microsoft/sarif-multitool/-/sarif-multitool-3.1.0.tgz",
      "integrity": "sha512-ItD+aoHicPOt07nNMFau8kDD537sEJuGiIxApQwK4XyPd47n2qlRxXcBkcQ/PKqy6jJloVLhJxjnYLjwbxfnow==",
      "dev": true,
      "requires": {
        "@microsoft/sarif-multitool-darwin": "^3.1.0",
        "@microsoft/sarif-multitool-linux": "^3.1.0",
        "@microsoft/sarif-multitool-win32": "^3.1.0"
      }
    },
    "@microsoft/sarif-multitool-darwin": {
      "version": "3.1.0",
      "resolved": "https://registry.npmjs.org/@microsoft/sarif-multitool-darwin/-/sarif-multitool-darwin-3.1.0.tgz",
      "integrity": "sha512-U/5sPiKNgoQ7G7EoVhYDs/QmA9KjyKFGrVd2NpaqCEfJHqYhc6tCF5QtiSwlRldCl3tawmqZOWWdwrEM7OCJSQ==",
      "dev": true,
      "optional": true
    },
    "@microsoft/sarif-multitool-linux": {
      "version": "3.1.0",
      "resolved": "https://registry.npmjs.org/@microsoft/sarif-multitool-linux/-/sarif-multitool-linux-3.1.0.tgz",
      "integrity": "sha512-MLmxJR0Y9T6pq0Fcll4Wq5fjfRVUo3unrGNabdMZ2aUPE5BHwf+niwoY4lPPWj9OFsTq/7/4K6sfX44bapPgJw==",
      "dev": true,
      "optional": true
    },
    "@microsoft/sarif-multitool-win32": {
      "version": "3.1.0",
      "resolved": "https://registry.npmjs.org/@microsoft/sarif-multitool-win32/-/sarif-multitool-win32-3.1.0.tgz",
      "integrity": "sha512-E956fQ4IDROWYaWEMCejiBRUorUn0N0kz5EtrKxMo06+F1kFOMlEe0RFtDpgmslYa17eoLyIzkaKx+9CMsGTmw==",
      "dev": true,
      "optional": true
    }
  }
}
