// !$*UTF8*$!
{
	archiveVersion = 1;
	classes = {
	};
	objectVersion = 50;
	objects = {

/* Begin PBXBuildFile section */
		BA11899B25441C3000FA25E3 /* DagashiApp.swift in Sources */ = {isa = PBXBuildFile; fileRef = BA11899A25441C3000FA25E3 /* DagashiApp.swift */; };
		BA11899F25441C3100FA25E3 /* Assets.xcassets in Resources */ = {isa = PBXBuildFile; fileRef = BA11899E25441C3100FA25E3 /* Assets.xcassets */; };
		BA1189A225441C3100FA25E3 /* Preview Assets.xcassets in Resources */ = {isa = PBXBuildFile; fileRef = BA1189A125441C3100FA25E3 /* Preview Assets.xcassets */; };
		BA1189AD25441C3100FA25E3 /* DagashiTests.swift in Sources */ = {isa = PBXBuildFile; fileRef = BA1189AC25441C3100FA25E3 /* DagashiTests.swift */; };
		BA1189B825441C3100FA25E3 /* DagashiUITests.swift in Sources */ = {isa = PBXBuildFile; fileRef = BA1189B725441C3100FA25E3 /* DagashiUITests.swift */; };
		BA1189D925441E6900FA25E3 /* shared.framework in Frameworks */ = {isa = PBXBuildFile; fileRef = BA1189D825441E6900FA25E3 /* shared.framework */; };
		BA1189DA25441E6900FA25E3 /* shared.framework in Embed Frameworks */ = {isa = PBXBuildFile; fileRef = BA1189D825441E6900FA25E3 /* shared.framework */; settings = {ATTRIBUTES = (CodeSignOnCopy, RemoveHeadersOnCopy, ); }; };
		BA691B732545228300FC99EE /* MilestoneList.swift in Sources */ = {isa = PBXBuildFile; fileRef = BA691B722545228300FC99EE /* MilestoneList.swift */; };
		BA69E9DA25453B21001E13AD /* ActivityIndicator.swift in Sources */ = {isa = PBXBuildFile; fileRef = BA69E9D925453B21001E13AD /* ActivityIndicator.swift */; };
		BA69E9E225453DF3001E13AD /* MilestoneRow.swift in Sources */ = {isa = PBXBuildFile; fileRef = BA69E9E125453DF3001E13AD /* MilestoneRow.swift */; };
		BA76F7472545ADB3003CFA86 /* IssueList.swift in Sources */ = {isa = PBXBuildFile; fileRef = BA76F7462545ADB3003CFA86 /* IssueList.swift */; };
		BA76F74D2545B17A003CFA86 /* IssueRow.swift in Sources */ = {isa = PBXBuildFile; fileRef = BA76F74C2545B17A003CFA86 /* IssueRow.swift */; };
/* End PBXBuildFile section */

/* Begin PBXContainerItemProxy section */
		BA1189A925441C3100FA25E3 /* PBXContainerItemProxy */ = {
			isa = PBXContainerItemProxy;
			containerPortal = BA11898F25441C3000FA25E3 /* Project object */;
			proxyType = 1;
			remoteGlobalIDString = BA11899625441C3000FA25E3;
			remoteInfo = Dagashi;
		};
		BA1189B425441C3100FA25E3 /* PBXContainerItemProxy */ = {
			isa = PBXContainerItemProxy;
			containerPortal = BA11898F25441C3000FA25E3 /* Project object */;
			proxyType = 1;
			remoteGlobalIDString = BA11899625441C3000FA25E3;
			remoteInfo = Dagashi;
		};
/* End PBXContainerItemProxy section */

/* Begin PBXCopyFilesBuildPhase section */
		BA1189DB25441E6900FA25E3 /* Embed Frameworks */ = {
			isa = PBXCopyFilesBuildPhase;
			buildActionMask = 2147483647;
			dstPath = "";
			dstSubfolderSpec = 10;
			files = (
				BA1189DA25441E6900FA25E3 /* shared.framework in Embed Frameworks */,
			);
			name = "Embed Frameworks";
			runOnlyForDeploymentPostprocessing = 0;
		};
/* End PBXCopyFilesBuildPhase section */

/* Begin PBXFileReference section */
		BA11899725441C3000FA25E3 /* Dagashi.app */ = {isa = PBXFileReference; explicitFileType = wrapper.application; includeInIndex = 0; path = Dagashi.app; sourceTree = BUILT_PRODUCTS_DIR; };
		BA11899A25441C3000FA25E3 /* DagashiApp.swift */ = {isa = PBXFileReference; lastKnownFileType = sourcecode.swift; path = DagashiApp.swift; sourceTree = "<group>"; };
		BA11899E25441C3100FA25E3 /* Assets.xcassets */ = {isa = PBXFileReference; lastKnownFileType = folder.assetcatalog; path = Assets.xcassets; sourceTree = "<group>"; };
		BA1189A125441C3100FA25E3 /* Preview Assets.xcassets */ = {isa = PBXFileReference; lastKnownFileType = folder.assetcatalog; path = "Preview Assets.xcassets"; sourceTree = "<group>"; };
		BA1189A325441C3100FA25E3 /* Info.plist */ = {isa = PBXFileReference; lastKnownFileType = text.plist.xml; path = Info.plist; sourceTree = "<group>"; };
		BA1189A825441C3100FA25E3 /* DagashiTests.xctest */ = {isa = PBXFileReference; explicitFileType = wrapper.cfbundle; includeInIndex = 0; path = DagashiTests.xctest; sourceTree = BUILT_PRODUCTS_DIR; };
		BA1189AC25441C3100FA25E3 /* DagashiTests.swift */ = {isa = PBXFileReference; lastKnownFileType = sourcecode.swift; path = DagashiTests.swift; sourceTree = "<group>"; };
		BA1189AE25441C3100FA25E3 /* Info.plist */ = {isa = PBXFileReference; lastKnownFileType = text.plist.xml; path = Info.plist; sourceTree = "<group>"; };
		BA1189B325441C3100FA25E3 /* DagashiUITests.xctest */ = {isa = PBXFileReference; explicitFileType = wrapper.cfbundle; includeInIndex = 0; path = DagashiUITests.xctest; sourceTree = BUILT_PRODUCTS_DIR; };
		BA1189B725441C3100FA25E3 /* DagashiUITests.swift */ = {isa = PBXFileReference; lastKnownFileType = sourcecode.swift; path = DagashiUITests.swift; sourceTree = "<group>"; };
		BA1189B925441C3100FA25E3 /* Info.plist */ = {isa = PBXFileReference; lastKnownFileType = text.plist.xml; path = Info.plist; sourceTree = "<group>"; };
		BA1189D825441E6900FA25E3 /* shared.framework */ = {isa = PBXFileReference; lastKnownFileType = wrapper.framework; name = shared.framework; path = "../shared/build/xcode-frameworks/shared.framework"; sourceTree = "<group>"; };
		BA691B722545228300FC99EE /* MilestoneList.swift */ = {isa = PBXFileReference; lastKnownFileType = sourcecode.swift; path = MilestoneList.swift; sourceTree = "<group>"; };
		BA69E9D925453B21001E13AD /* ActivityIndicator.swift */ = {isa = PBXFileReference; lastKnownFileType = sourcecode.swift; path = ActivityIndicator.swift; sourceTree = "<group>"; };
		BA69E9E125453DF3001E13AD /* MilestoneRow.swift */ = {isa = PBXFileReference; lastKnownFileType = sourcecode.swift; path = MilestoneRow.swift; sourceTree = "<group>"; };
		BA76F7462545ADB3003CFA86 /* IssueList.swift */ = {isa = PBXFileReference; lastKnownFileType = sourcecode.swift; path = IssueList.swift; sourceTree = "<group>"; };
		BA76F74C2545B17A003CFA86 /* IssueRow.swift */ = {isa = PBXFileReference; lastKnownFileType = sourcecode.swift; path = IssueRow.swift; sourceTree = "<group>"; };
/* End PBXFileReference section */

/* Begin PBXFrameworksBuildPhase section */
		BA11899425441C3000FA25E3 /* Frameworks */ = {
			isa = PBXFrameworksBuildPhase;
			buildActionMask = 2147483647;
			files = (
				BA1189D925441E6900FA25E3 /* shared.framework in Frameworks */,
			);
			runOnlyForDeploymentPostprocessing = 0;
		};
		BA1189A525441C3100FA25E3 /* Frameworks */ = {
			isa = PBXFrameworksBuildPhase;
			buildActionMask = 2147483647;
			files = (
			);
			runOnlyForDeploymentPostprocessing = 0;
		};
		BA1189B025441C3100FA25E3 /* Frameworks */ = {
			isa = PBXFrameworksBuildPhase;
			buildActionMask = 2147483647;
			files = (
			);
			runOnlyForDeploymentPostprocessing = 0;
		};
/* End PBXFrameworksBuildPhase section */

/* Begin PBXGroup section */
		BA11898E25441C3000FA25E3 = {
			isa = PBXGroup;
			children = (
				BA11899925441C3000FA25E3 /* Dagashi */,
				BA1189AB25441C3100FA25E3 /* DagashiTests */,
				BA1189B625441C3100FA25E3 /* DagashiUITests */,
				BA11899825441C3000FA25E3 /* Products */,
				BA1189CC25441CA200FA25E3 /* Frameworks */,
			);
			sourceTree = "<group>";
		};
		BA11899825441C3000FA25E3 /* Products */ = {
			isa = PBXGroup;
			children = (
				BA11899725441C3000FA25E3 /* Dagashi.app */,
				BA1189A825441C3100FA25E3 /* DagashiTests.xctest */,
				BA1189B325441C3100FA25E3 /* DagashiUITests.xctest */,
			);
			name = Products;
			sourceTree = "<group>";
		};
		BA11899925441C3000FA25E3 /* Dagashi */ = {
			isa = PBXGroup;
			children = (
				BA69E9D825453B0B001E13AD /* Components */,
				BA691B712545227500FC99EE /* Milestone */,
				BA76F7452545ADA1003CFA86 /* Issue */,
				BA11899A25441C3000FA25E3 /* DagashiApp.swift */,
				BA11899E25441C3100FA25E3 /* Assets.xcassets */,
				BA1189A325441C3100FA25E3 /* Info.plist */,
				BA1189A025441C3100FA25E3 /* Preview Content */,
			);
			path = Dagashi;
			sourceTree = "<group>";
		};
		BA1189A025441C3100FA25E3 /* Preview Content */ = {
			isa = PBXGroup;
			children = (
				BA1189A125441C3100FA25E3 /* Preview Assets.xcassets */,
			);
			path = "Preview Content";
			sourceTree = "<group>";
		};
		BA1189AB25441C3100FA25E3 /* DagashiTests */ = {
			isa = PBXGroup;
			children = (
				BA1189AC25441C3100FA25E3 /* DagashiTests.swift */,
				BA1189AE25441C3100FA25E3 /* Info.plist */,
			);
			path = DagashiTests;
			sourceTree = "<group>";
		};
		BA1189B625441C3100FA25E3 /* DagashiUITests */ = {
			isa = PBXGroup;
			children = (
				BA1189B725441C3100FA25E3 /* DagashiUITests.swift */,
				BA1189B925441C3100FA25E3 /* Info.plist */,
			);
			path = DagashiUITests;
			sourceTree = "<group>";
		};
		BA1189CC25441CA200FA25E3 /* Frameworks */ = {
			isa = PBXGroup;
			children = (
				BA1189D825441E6900FA25E3 /* shared.framework */,
			);
			name = Frameworks;
			sourceTree = "<group>";
		};
		BA691B712545227500FC99EE /* Milestone */ = {
			isa = PBXGroup;
			children = (
				BA691B722545228300FC99EE /* MilestoneList.swift */,
				BA69E9E125453DF3001E13AD /* MilestoneRow.swift */,
			);
			path = Milestone;
			sourceTree = "<group>";
		};
		BA69E9D825453B0B001E13AD /* Components */ = {
			isa = PBXGroup;
			children = (
				BA69E9D925453B21001E13AD /* ActivityIndicator.swift */,
			);
			path = Components;
			sourceTree = "<group>";
		};
		BA76F7452545ADA1003CFA86 /* Issue */ = {
			isa = PBXGroup;
			children = (
				BA76F7462545ADB3003CFA86 /* IssueList.swift */,
				BA76F74C2545B17A003CFA86 /* IssueRow.swift */,
			);
			path = Issue;
			sourceTree = "<group>";
		};
/* End PBXGroup section */

/* Begin PBXNativeTarget section */
		BA11899625441C3000FA25E3 /* Dagashi */ = {
			isa = PBXNativeTarget;
			buildConfigurationList = BA1189BC25441C3100FA25E3 /* Build configuration list for PBXNativeTarget "Dagashi" */;
			buildPhases = (
				BA1189CB25441C6700FA25E3 /* ShellScript */,
				BA11899325441C3000FA25E3 /* Sources */,
				BA11899425441C3000FA25E3 /* Frameworks */,
				BA11899525441C3000FA25E3 /* Resources */,
				BA1189DB25441E6900FA25E3 /* Embed Frameworks */,
			);
			buildRules = (
			);
			dependencies = (
			);
			name = Dagashi;
			productName = Dagashi;
			productReference = BA11899725441C3000FA25E3 /* Dagashi.app */;
			productType = "com.apple.product-type.application";
		};
		BA1189A725441C3100FA25E3 /* DagashiTests */ = {
			isa = PBXNativeTarget;
			buildConfigurationList = BA1189BF25441C3100FA25E3 /* Build configuration list for PBXNativeTarget "DagashiTests" */;
			buildPhases = (
				BA1189A425441C3100FA25E3 /* Sources */,
				BA1189A525441C3100FA25E3 /* Frameworks */,
				BA1189A625441C3100FA25E3 /* Resources */,
			);
			buildRules = (
			);
			dependencies = (
				BA1189AA25441C3100FA25E3 /* PBXTargetDependency */,
			);
			name = DagashiTests;
			productName = DagashiTests;
			productReference = BA1189A825441C3100FA25E3 /* DagashiTests.xctest */;
			productType = "com.apple.product-type.bundle.unit-test";
		};
		BA1189B225441C3100FA25E3 /* DagashiUITests */ = {
			isa = PBXNativeTarget;
			buildConfigurationList = BA1189C225441C3100FA25E3 /* Build configuration list for PBXNativeTarget "DagashiUITests" */;
			buildPhases = (
				BA1189AF25441C3100FA25E3 /* Sources */,
				BA1189B025441C3100FA25E3 /* Frameworks */,
				BA1189B125441C3100FA25E3 /* Resources */,
			);
			buildRules = (
			);
			dependencies = (
				BA1189B525441C3100FA25E3 /* PBXTargetDependency */,
			);
			name = DagashiUITests;
			productName = DagashiUITests;
			productReference = BA1189B325441C3100FA25E3 /* DagashiUITests.xctest */;
			productType = "com.apple.product-type.bundle.ui-testing";
		};
/* End PBXNativeTarget section */

/* Begin PBXProject section */
		BA11898F25441C3000FA25E3 /* Project object */ = {
			isa = PBXProject;
			attributes = {
				LastSwiftUpdateCheck = 1210;
				LastUpgradeCheck = 1210;
				TargetAttributes = {
					BA11899625441C3000FA25E3 = {
						CreatedOnToolsVersion = 12.1;
					};
					BA1189A725441C3100FA25E3 = {
						CreatedOnToolsVersion = 12.1;
						TestTargetID = BA11899625441C3000FA25E3;
					};
					BA1189B225441C3100FA25E3 = {
						CreatedOnToolsVersion = 12.1;
						TestTargetID = BA11899625441C3000FA25E3;
					};
				};
			};
			buildConfigurationList = BA11899225441C3000FA25E3 /* Build configuration list for PBXProject "Dagashi" */;
			compatibilityVersion = "Xcode 9.3";
			developmentRegion = en;
			hasScannedForEncodings = 0;
			knownRegions = (
				en,
				Base,
			);
			mainGroup = BA11898E25441C3000FA25E3;
			productRefGroup = BA11899825441C3000FA25E3 /* Products */;
			projectDirPath = "";
			projectRoot = "";
			targets = (
				BA11899625441C3000FA25E3 /* Dagashi */,
				BA1189A725441C3100FA25E3 /* DagashiTests */,
				BA1189B225441C3100FA25E3 /* DagashiUITests */,
			);
		};
/* End PBXProject section */

/* Begin PBXResourcesBuildPhase section */
		BA11899525441C3000FA25E3 /* Resources */ = {
			isa = PBXResourcesBuildPhase;
			buildActionMask = 2147483647;
			files = (
				BA1189A225441C3100FA25E3 /* Preview Assets.xcassets in Resources */,
				BA11899F25441C3100FA25E3 /* Assets.xcassets in Resources */,
			);
			runOnlyForDeploymentPostprocessing = 0;
		};
		BA1189A625441C3100FA25E3 /* Resources */ = {
			isa = PBXResourcesBuildPhase;
			buildActionMask = 2147483647;
			files = (
			);
			runOnlyForDeploymentPostprocessing = 0;
		};
		BA1189B125441C3100FA25E3 /* Resources */ = {
			isa = PBXResourcesBuildPhase;
			buildActionMask = 2147483647;
			files = (
			);
			runOnlyForDeploymentPostprocessing = 0;
		};
/* End PBXResourcesBuildPhase section */

/* Begin PBXShellScriptBuildPhase section */
		BA1189CB25441C6700FA25E3 /* ShellScript */ = {
			isa = PBXShellScriptBuildPhase;
			buildActionMask = 2147483647;
			files = (
			);
			inputFileListPaths = (
			);
			inputPaths = (
			);
			outputFileListPaths = (
			);
			outputPaths = (
			);
			runOnlyForDeploymentPostprocessing = 0;
			shellPath = /bin/sh;
			shellScript = "cd \"$SRCROOT/..\"\n./gradlew :shared:packForXCode -PXCODE_CONFIGURATION=${CONFIGURATION}\n";
		};
/* End PBXShellScriptBuildPhase section */

/* Begin PBXSourcesBuildPhase section */
		BA11899325441C3000FA25E3 /* Sources */ = {
			isa = PBXSourcesBuildPhase;
			buildActionMask = 2147483647;
			files = (
				BA76F7472545ADB3003CFA86 /* IssueList.swift in Sources */,
				BA69E9DA25453B21001E13AD /* ActivityIndicator.swift in Sources */,
				BA76F74D2545B17A003CFA86 /* IssueRow.swift in Sources */,
				BA69E9E225453DF3001E13AD /* MilestoneRow.swift in Sources */,
				BA691B732545228300FC99EE /* MilestoneList.swift in Sources */,
				BA11899B25441C3000FA25E3 /* DagashiApp.swift in Sources */,
			);
			runOnlyForDeploymentPostprocessing = 0;
		};
		BA1189A425441C3100FA25E3 /* Sources */ = {
			isa = PBXSourcesBuildPhase;
			buildActionMask = 2147483647;
			files = (
				BA1189AD25441C3100FA25E3 /* DagashiTests.swift in Sources */,
			);
			runOnlyForDeploymentPostprocessing = 0;
		};
		BA1189AF25441C3100FA25E3 /* Sources */ = {
			isa = PBXSourcesBuildPhase;
			buildActionMask = 2147483647;
			files = (
				BA1189B825441C3100FA25E3 /* DagashiUITests.swift in Sources */,
			);
			runOnlyForDeploymentPostprocessing = 0;
		};
/* End PBXSourcesBuildPhase section */

/* Begin PBXTargetDependency section */
		BA1189AA25441C3100FA25E3 /* PBXTargetDependency */ = {
			isa = PBXTargetDependency;
			target = BA11899625441C3000FA25E3 /* Dagashi */;
			targetProxy = BA1189A925441C3100FA25E3 /* PBXContainerItemProxy */;
		};
		BA1189B525441C3100FA25E3 /* PBXTargetDependency */ = {
			isa = PBXTargetDependency;
			target = BA11899625441C3000FA25E3 /* Dagashi */;
			targetProxy = BA1189B425441C3100FA25E3 /* PBXContainerItemProxy */;
		};
/* End PBXTargetDependency section */

/* Begin XCBuildConfiguration section */
		BA1189BA25441C3100FA25E3 /* Debug */ = {
			isa = XCBuildConfiguration;
			buildSettings = {
				ALWAYS_SEARCH_USER_PATHS = NO;
				CLANG_ANALYZER_NONNULL = YES;
				CLANG_ANALYZER_NUMBER_OBJECT_CONVERSION = YES_AGGRESSIVE;
				CLANG_CXX_LANGUAGE_STANDARD = "gnu++14";
				CLANG_CXX_LIBRARY = "libc++";
				CLANG_ENABLE_MODULES = YES;
				CLANG_ENABLE_OBJC_ARC = YES;
				CLANG_ENABLE_OBJC_WEAK = YES;
				CLANG_WARN_BLOCK_CAPTURE_AUTORELEASING = YES;
				CLANG_WARN_BOOL_CONVERSION = YES;
				CLANG_WARN_COMMA = YES;
				CLANG_WARN_CONSTANT_CONVERSION = YES;
				CLANG_WARN_DEPRECATED_OBJC_IMPLEMENTATIONS = YES;
				CLANG_WARN_DIRECT_OBJC_ISA_USAGE = YES_ERROR;
				CLANG_WARN_DOCUMENTATION_COMMENTS = YES;
				CLANG_WARN_EMPTY_BODY = YES;
				CLANG_WARN_ENUM_CONVERSION = YES;
				CLANG_WARN_INFINITE_RECURSION = YES;
				CLANG_WARN_INT_CONVERSION = YES;
				CLANG_WARN_NON_LITERAL_NULL_CONVERSION = YES;
				CLANG_WARN_OBJC_IMPLICIT_RETAIN_SELF = YES;
				CLANG_WARN_OBJC_LITERAL_CONVERSION = YES;
				CLANG_WARN_OBJC_ROOT_CLASS = YES_ERROR;
				CLANG_WARN_QUOTED_INCLUDE_IN_FRAMEWORK_HEADER = YES;
				CLANG_WARN_RANGE_LOOP_ANALYSIS = YES;
				CLANG_WARN_STRICT_PROTOTYPES = YES;
				CLANG_WARN_SUSPICIOUS_MOVE = YES;
				CLANG_WARN_UNGUARDED_AVAILABILITY = YES_AGGRESSIVE;
				CLANG_WARN_UNREACHABLE_CODE = YES;
				CLANG_WARN__DUPLICATE_METHOD_MATCH = YES;
				COPY_PHASE_STRIP = NO;
				DEBUG_INFORMATION_FORMAT = dwarf;
				ENABLE_STRICT_OBJC_MSGSEND = YES;
				ENABLE_TESTABILITY = YES;
				GCC_C_LANGUAGE_STANDARD = gnu11;
				GCC_DYNAMIC_NO_PIC = NO;
				GCC_NO_COMMON_BLOCKS = YES;
				GCC_OPTIMIZATION_LEVEL = 0;
				GCC_PREPROCESSOR_DEFINITIONS = (
					"DEBUG=1",
					"$(inherited)",
				);
				GCC_WARN_64_TO_32_BIT_CONVERSION = YES;
				GCC_WARN_ABOUT_RETURN_TYPE = YES_ERROR;
				GCC_WARN_UNDECLARED_SELECTOR = YES;
				GCC_WARN_UNINITIALIZED_AUTOS = YES_AGGRESSIVE;
				GCC_WARN_UNUSED_FUNCTION = YES;
				GCC_WARN_UNUSED_VARIABLE = YES;
				IPHONEOS_DEPLOYMENT_TARGET = 14.1;
				MTL_ENABLE_DEBUG_INFO = INCLUDE_SOURCE;
				MTL_FAST_MATH = YES;
				ONLY_ACTIVE_ARCH = YES;
				SDKROOT = iphoneos;
				SWIFT_ACTIVE_COMPILATION_CONDITIONS = DEBUG;
				SWIFT_OPTIMIZATION_LEVEL = "-Onone";
			};
			name = Debug;
		};
		BA1189BB25441C3100FA25E3 /* Release */ = {
			isa = XCBuildConfiguration;
			buildSettings = {
				ALWAYS_SEARCH_USER_PATHS = NO;
				CLANG_ANALYZER_NONNULL = YES;
				CLANG_ANALYZER_NUMBER_OBJECT_CONVERSION = YES_AGGRESSIVE;
				CLANG_CXX_LANGUAGE_STANDARD = "gnu++14";
				CLANG_CXX_LIBRARY = "libc++";
				CLANG_ENABLE_MODULES = YES;
				CLANG_ENABLE_OBJC_ARC = YES;
				CLANG_ENABLE_OBJC_WEAK = YES;
				CLANG_WARN_BLOCK_CAPTURE_AUTORELEASING = YES;
				CLANG_WARN_BOOL_CONVERSION = YES;
				CLANG_WARN_COMMA = YES;
				CLANG_WARN_CONSTANT_CONVERSION = YES;
				CLANG_WARN_DEPRECATED_OBJC_IMPLEMENTATIONS = YES;
				CLANG_WARN_DIRECT_OBJC_ISA_USAGE = YES_ERROR;
				CLANG_WARN_DOCUMENTATION_COMMENTS = YES;
				CLANG_WARN_EMPTY_BODY = YES;
				CLANG_WARN_ENUM_CONVERSION = YES;
				CLANG_WARN_INFINITE_RECURSION = YES;
				CLANG_WARN_INT_CONVERSION = YES;
				CLANG_WARN_NON_LITERAL_NULL_CONVERSION = YES;
				CLANG_WARN_OBJC_IMPLICIT_RETAIN_SELF = YES;
				CLANG_WARN_OBJC_LITERAL_CONVERSION = YES;
				CLANG_WARN_OBJC_ROOT_CLASS = YES_ERROR;
				CLANG_WARN_QUOTED_INCLUDE_IN_FRAMEWORK_HEADER = YES;
				CLANG_WARN_RANGE_LOOP_ANALYSIS = YES;
				CLANG_WARN_STRICT_PROTOTYPES = YES;
				CLANG_WARN_SUSPICIOUS_MOVE = YES;
				CLANG_WARN_UNGUARDED_AVAILABILITY = YES_AGGRESSIVE;
				CLANG_WARN_UNREACHABLE_CODE = YES;
				CLANG_WARN__DUPLICATE_METHOD_MATCH = YES;
				COPY_PHASE_STRIP = NO;
				DEBUG_INFORMATION_FORMAT = "dwarf-with-dsym";
				ENABLE_NS_ASSERTIONS = NO;
				ENABLE_STRICT_OBJC_MSGSEND = YES;
				GCC_C_LANGUAGE_STANDARD = gnu11;
				GCC_NO_COMMON_BLOCKS = YES;
				GCC_WARN_64_TO_32_BIT_CONVERSION = YES;
				GCC_WARN_ABOUT_RETURN_TYPE = YES_ERROR;
				GCC_WARN_UNDECLARED_SELECTOR = YES;
				GCC_WARN_UNINITIALIZED_AUTOS = YES_AGGRESSIVE;
				GCC_WARN_UNUSED_FUNCTION = YES;
				GCC_WARN_UNUSED_VARIABLE = YES;
				IPHONEOS_DEPLOYMENT_TARGET = 14.1;
				MTL_ENABLE_DEBUG_INFO = NO;
				MTL_FAST_MATH = YES;
				SDKROOT = iphoneos;
				SWIFT_COMPILATION_MODE = wholemodule;
				SWIFT_OPTIMIZATION_LEVEL = "-O";
				VALIDATE_PRODUCT = YES;
			};
			name = Release;
		};
		BA1189BD25441C3100FA25E3 /* Debug */ = {
			isa = XCBuildConfiguration;
			buildSettings = {
				ASSETCATALOG_COMPILER_APPICON_NAME = AppIcon;
				ASSETCATALOG_COMPILER_GLOBAL_ACCENT_COLOR_NAME = AccentColor;
				CODE_SIGN_STYLE = Automatic;
				DEVELOPMENT_ASSET_PATHS = "\"Dagashi/Preview Content\"";
				ENABLE_PREVIEWS = YES;
				FRAMEWORK_SEARCH_PATHS = "$(SRCROOT)/../shared/build/xcode-frameworks";
				INFOPLIST_FILE = Dagashi/Info.plist;
				IPHONEOS_DEPLOYMENT_TARGET = 14.0;
				LD_RUNPATH_SEARCH_PATHS = (
					"$(inherited)",
					"@executable_path/Frameworks",
				);
				PRODUCT_BUNDLE_IDENTIFIER = "com.star-zero.dagashi";
				PRODUCT_NAME = "$(TARGET_NAME)";
				SWIFT_VERSION = 5.0;
				TARGETED_DEVICE_FAMILY = "1,2";
			};
			name = Debug;
		};
		BA1189BE25441C3100FA25E3 /* Release */ = {
			isa = XCBuildConfiguration;
			buildSettings = {
				ASSETCATALOG_COMPILER_APPICON_NAME = AppIcon;
				ASSETCATALOG_COMPILER_GLOBAL_ACCENT_COLOR_NAME = AccentColor;
				CODE_SIGN_STYLE = Automatic;
				DEVELOPMENT_ASSET_PATHS = "\"Dagashi/Preview Content\"";
				ENABLE_PREVIEWS = YES;
				FRAMEWORK_SEARCH_PATHS = "$(SRCROOT)/../shared/build/xcode-frameworks";
				INFOPLIST_FILE = Dagashi/Info.plist;
				IPHONEOS_DEPLOYMENT_TARGET = 14.0;
				LD_RUNPATH_SEARCH_PATHS = (
					"$(inherited)",
					"@executable_path/Frameworks",
				);
				PRODUCT_BUNDLE_IDENTIFIER = "com.star-zero.dagashi";
				PRODUCT_NAME = "$(TARGET_NAME)";
				SWIFT_VERSION = 5.0;
				TARGETED_DEVICE_FAMILY = "1,2";
			};
			name = Release;
		};
		BA1189C025441C3100FA25E3 /* Debug */ = {
			isa = XCBuildConfiguration;
			buildSettings = {
				ALWAYS_EMBED_SWIFT_STANDARD_LIBRARIES = YES;
				BUNDLE_LOADER = "$(TEST_HOST)";
				CODE_SIGN_STYLE = Automatic;
				INFOPLIST_FILE = DagashiTests/Info.plist;
				IPHONEOS_DEPLOYMENT_TARGET = 14.0;
				LD_RUNPATH_SEARCH_PATHS = (
					"$(inherited)",
					"@executable_path/Frameworks",
					"@loader_path/Frameworks",
				);
				PRODUCT_BUNDLE_IDENTIFIER = "com.star-zero.dagashi.DagashiTests";
				PRODUCT_NAME = "$(TARGET_NAME)";
				SWIFT_VERSION = 5.0;
				TARGETED_DEVICE_FAMILY = "1,2";
				TEST_HOST = "$(BUILT_PRODUCTS_DIR)/Dagashi.app/Dagashi";
			};
			name = Debug;
		};
		BA1189C125441C3100FA25E3 /* Release */ = {
			isa = XCBuildConfiguration;
			buildSettings = {
				ALWAYS_EMBED_SWIFT_STANDARD_LIBRARIES = YES;
				BUNDLE_LOADER = "$(TEST_HOST)";
				CODE_SIGN_STYLE = Automatic;
				INFOPLIST_FILE = DagashiTests/Info.plist;
				IPHONEOS_DEPLOYMENT_TARGET = 14.0;
				LD_RUNPATH_SEARCH_PATHS = (
					"$(inherited)",
					"@executable_path/Frameworks",
					"@loader_path/Frameworks",
				);
				PRODUCT_BUNDLE_IDENTIFIER = "com.star-zero.dagashi.DagashiTests";
				PRODUCT_NAME = "$(TARGET_NAME)";
				SWIFT_VERSION = 5.0;
				TARGETED_DEVICE_FAMILY = "1,2";
				TEST_HOST = "$(BUILT_PRODUCTS_DIR)/Dagashi.app/Dagashi";
			};
			name = Release;
		};
		BA1189C325441C3100FA25E3 /* Debug */ = {
			isa = XCBuildConfiguration;
			buildSettings = {
				ALWAYS_EMBED_SWIFT_STANDARD_LIBRARIES = YES;
				CODE_SIGN_STYLE = Automatic;
				INFOPLIST_FILE = DagashiUITests/Info.plist;
				LD_RUNPATH_SEARCH_PATHS = (
					"$(inherited)",
					"@executable_path/Frameworks",
					"@loader_path/Frameworks",
				);
				PRODUCT_BUNDLE_IDENTIFIER = "com.star-zero.dagashi.DagashiUITests";
				PRODUCT_NAME = "$(TARGET_NAME)";
				SWIFT_VERSION = 5.0;
				TARGETED_DEVICE_FAMILY = "1,2";
				TEST_TARGET_NAME = Dagashi;
			};
			name = Debug;
		};
		BA1189C425441C3100FA25E3 /* Release */ = {
			isa = XCBuildConfiguration;
			buildSettings = {
				ALWAYS_EMBED_SWIFT_STANDARD_LIBRARIES = YES;
				CODE_SIGN_STYLE = Automatic;
				INFOPLIST_FILE = DagashiUITests/Info.plist;
				LD_RUNPATH_SEARCH_PATHS = (
					"$(inherited)",
					"@executable_path/Frameworks",
					"@loader_path/Frameworks",
				);
				PRODUCT_BUNDLE_IDENTIFIER = "com.star-zero.dagashi.DagashiUITests";
				PRODUCT_NAME = "$(TARGET_NAME)";
				SWIFT_VERSION = 5.0;
				TARGETED_DEVICE_FAMILY = "1,2";
				TEST_TARGET_NAME = Dagashi;
			};
			name = Release;
		};
/* End XCBuildConfiguration section */

/* Begin XCConfigurationList section */
		BA11899225441C3000FA25E3 /* Build configuration list for PBXProject "Dagashi" */ = {
			isa = XCConfigurationList;
			buildConfigurations = (
				BA1189BA25441C3100FA25E3 /* Debug */,
				BA1189BB25441C3100FA25E3 /* Release */,
			);
			defaultConfigurationIsVisible = 0;
			defaultConfigurationName = Release;
		};
		BA1189BC25441C3100FA25E3 /* Build configuration list for PBXNativeTarget "Dagashi" */ = {
			isa = XCConfigurationList;
			buildConfigurations = (
				BA1189BD25441C3100FA25E3 /* Debug */,
				BA1189BE25441C3100FA25E3 /* Release */,
			);
			defaultConfigurationIsVisible = 0;
			defaultConfigurationName = Release;
		};
		BA1189BF25441C3100FA25E3 /* Build configuration list for PBXNativeTarget "DagashiTests" */ = {
			isa = XCConfigurationList;
			buildConfigurations = (
				BA1189C025441C3100FA25E3 /* Debug */,
				BA1189C125441C3100FA25E3 /* Release */,
			);
			defaultConfigurationIsVisible = 0;
			defaultConfigurationName = Release;
		};
		BA1189C225441C3100FA25E3 /* Build configuration list for PBXNativeTarget "DagashiUITests" */ = {
			isa = XCConfigurationList;
			buildConfigurations = (
				BA1189C325441C3100FA25E3 /* Debug */,
				BA1189C425441C3100FA25E3 /* Release */,
			);
			defaultConfigurationIsVisible = 0;
			defaultConfigurationName = Release;
		};
/* End XCConfigurationList section */
	};
	rootObject = BA11898F25441C3000FA25E3 /* Project object */;
}
